
Microsoft Visual Studio Solution File, Format Version 12.00
# Visual Studio Version 17
VisualStudioVersion = 17.0.31903.59
MinimumVisualStudioVersion = 10.0.40219.1
Project("{FAE04EC0-301F-11D3-BF4B-00C04F79EFBC}") = "EyeFocus", "EyeFocus\EyeFocus.csproj", "{66E30FA1-6D39-4007-B5C9-3B0CCC0565E3}"
EndProject
Project("{FAE04EC0-301F-11D3-BF4B-00C04F79EFBC}") = "EyeFocus.Tests", "EyeFocus.Tests\EyeFocus.Tests.csproj", "{2575284F-EF42-4454-AF01-56C94DA1834B}"
EndProject
Global
	GlobalSection(SolutionConfigurationPlatforms) = preSolution
		Debug|Any CPU = Debug|Any CPU
		Release|Any CPU = Release|Any CPU
	EndGlobalSection
	GlobalSection(SolutionProperties) = preSolution
		HideSolutionNode = FALSE
	EndGlobalSection
	GlobalSection(ProjectConfigurationPlatforms) = postSolution
		{66E30FA1-6D39-4007-B5C9-3B0CCC0565E3}.Debug|Any CPU.ActiveCfg = Debug|Any CPU
		{66E30FA1-6D39-4007-B5C9-3B0CCC0565E3}.Debug|Any CPU.Build.0 = Debug|Any CPU
		{66E30FA1-6D39-4007-B5C9-3B0CCC0565E3}.Release|Any CPU.ActiveCfg = Release|Any CPU
		{66E30FA1-6D39-4007-B5C9-3B0CCC0565E3}.Release|Any CPU.Build.0 = Release|Any CPU
		{2575284F-EF42-4454-AF01-56C94DA1834B}.Debug|Any CPU.ActiveCfg = Debug|Any CPU
		{2575284F-EF42-4454-AF01-56C94DA1834B}.Debug|Any CPU.Build.0 = Debug|Any CPU
		{2575284F-EF42-4454-AF01-56C94DA1834B}.Release|Any CPU.ActiveCfg = Release|Any CPU
		{2575284F-EF42-4454-AF01-56C94DA1834B}.Release|Any CPU.Build.0 = Release|Any CPU
	EndGlobalSection
EndGlobal
